// !$*UTF8*$!
{
	archiveVersion = 1;
	classes = {
	};
	objectVersion = 48;
	objects = {

/* Begin PBXBuildFile section */
		9C7CF24E1FBC1768008D9920 /* ChangeAnimationTextLabel.swift in Sources */ = {isa = PBXBuildFile; fileRef = 9C7CF24D1FBC1768008D9920 /* ChangeAnimationTextLabel.swift */; };
		9CA84BAE1FBBDB1C00A3BB98 /* AppDelegate.swift in Sources */ = {isa = PBXBuildFile; fileRef = 9CA84BAD1FBBDB1C00A3BB98 /* AppDelegate.swift */; };
		9CA84BB01FBBDB1C00A3BB98 /* ViewController.swift in Sources */ = {isa = PBXBuildFile; fileRef = 9CA84BAF1FBBDB1C00A3BB98 /* ViewController.swift */; };
		9CA84BB31FBBDB1C00A3BB98 /* Main.storyboard in Resources */ = {isa = PBXBuildFile; fileRef = 9CA84BB11FBBDB1C00A3BB98 /* Main.storyboard */; };
		9CA84BB51FBBDB1C00A3BB98 /* Assets.xcassets in Resources */ = {isa = PBXBuildFile; fileRef = 9CA84BB41FBBDB1C00A3BB98 /* Assets.xcassets */; };
		9CA84BB81FBBDB1C00A3BB98 /* LaunchScreen.storyboard in Resources */ = {isa = PBXBuildFile; fileRef = 9CA84BB61FBBDB1C00A3BB98 /* LaunchScreen.storyboard */; };
		9CA84BC31FBBDB1C00A3BB98 /* AnimationCounterSampleTests.swift in Sources */ = {isa = PBXBuildFile; fileRef = 9CA84BC21FBBDB1C00A3BB98 /* AnimationCounterSampleTests.swift */; };
		9CA84BCE1FBBDB1C00A3BB98 /* AnimationCounterSampleUITests.swift in Sources */ = {isa = PBXBuildFile; fileRef = 9CA84BCD1FBBDB1C00A3BB98 /* AnimationCounterSampleUITests.swift */; };
		9CA84BDC1FBBDB3400A3BB98 /* CounterAnimationLabel.swift in Sources */ = {isa = PBXBuildFile; fileRef = 9CA84BDB1FBBDB3400A3BB98 /* CounterAnimationLabel.swift */; };
/* End PBXBuildFile section */

/* Begin PBXContainerItemProxy section */
		9CA84BBF1FBBDB1C00A3BB98 /* PBXContainerItemProxy */ = {
			isa = PBXContainerItemProxy;
			containerPortal = 9CA84BA21FBBDB1C00A3BB98 /* Project object */;
			proxyType = 1;
			remoteGlobalIDString = 9CA84BA91FBBDB1C00A3BB98;
			remoteInfo = AnimationCounterSample;
		};
		9CA84BCA1FBBDB1C00A3BB98 /* PBXContainerItemProxy */ = {
			isa = PBXContainerItemProxy;
			containerPortal = 9CA84BA21FBBDB1C00A3BB98 /* Project object */;
			proxyType = 1;
			remoteGlobalIDString = 9CA84BA91FBBDB1C00A3BB98;
			remoteInfo = AnimationCounterSample;
		};
/* End PBXContainerItemProxy section */

/* Begin PBXFileReference section */
		9C7CF24D1FBC1768008D9920 /* ChangeAnimationTextLabel.swift */ = {isa = PBXFileReference; lastKnownFileType = sourcecode.swift; path = ChangeAnimationTextLabel.swift; sourceTree = "<group>"; };
		9CA84BAA1FBBDB1C00A3BB98 /* AnimationCounterSample.app */ = {isa = PBXFileReference; explicitFileType = wrapper.application; includeInIndex = 0; path = AnimationCounterSample.app; sourceTree = BUILT_PRODUCTS_DIR; };
		9CA84BAD1FBBDB1C00A3BB98 /* AppDelegate.swift */ = {isa = PBXFileReference; lastKnownFileType = sourcecode.swift; path = AppDelegate.swift; sourceTree = "<group>"; };
		9CA84BAF1FBBDB1C00A3BB98 /* ViewController.swift */ = {isa = PBXFileReference; lastKnownFileType = sourcecode.swift; path = ViewController.swift; sourceTree = "<group>"; };
		9CA84BB21FBBDB1C00A3BB98 /* Base */ = {isa = PBXFileReference; lastKnownFileType = file.storyboard; name = Base; path = Base.lproj/Main.storyboard; sourceTree = "<group>"; };
		9CA84BB41FBBDB1C00A3BB98 /* Assets.xcassets */ = {isa = PBXFileReference; lastKnownFileType = folder.assetcatalog; path = Assets.xcassets; sourceTree = "<group>"; };
		9CA84BB71FBBDB1C00A3BB98 /* Base */ = {isa = PBXFileReference; lastKnownFileType = file.storyboard; name = Base; path = Base.lproj/LaunchScreen.storyboard; sourceTree = "<group>"; };
		9CA84BB91FBBDB1C00A3BB98 /* Info.plist */ = {isa = PBXFileReference; lastKnownFileType = text.plist.xml; path = Info.plist; sourceTree = "<group>"; };
		9CA84BBE1FBBDB1C00A3BB98 /* AnimationCounterSampleTests.xctest */ = {isa = PBXFileReference; explicitFileType = wrapper.cfbundle; includeInIndex = 0; path = AnimationCounterSampleTests.xctest; sourceTree = BUILT_PRODUCTS_DIR; };
		9CA84BC21FBBDB1C00A3BB98 /* AnimationCounterSampleTests.swift */ = {isa = PBXFileReference; lastKnownFileType = sourcecode.swift; path = AnimationCounterSampleTests.swift; sourceTree = "<group>"; };
		9CA84BC41FBBDB1C00A3BB98 /* Info.plist */ = {isa = PBXFileReference; lastKnownFileType = text.plist.xml; path = Info.plist; sourceTree = "<group>"; };
		9CA84BC91FBBDB1C00A3BB98 /* AnimationCounterSampleUITests.xctest */ = {isa = PBXFileReference; explicitFileType = wrapper.cfbundle; includeInIndex = 0; path = AnimationCounterSampleUITests.xctest; sourceTree = BUILT_PRODUCTS_DIR; };
		9CA84BCD1FBBDB1C00A3BB98 /* AnimationCounterSampleUITests.swift */ = {isa = PBXFileReference; lastKnownFileType = sourcecode.swift; path = AnimationCounterSampleUITests.swift; sourceTree = "<group>"; };
		9CA84BCF1FBBDB1C00A3BB98 /* Info.plist */ = {isa = PBXFileReference; lastKnownFileType = text.plist.xml; path = Info.plist; sourceTree = "<group>"; };
		9CA84BDB1FBBDB3400A3BB98 /* CounterAnimationLabel.swift */ = {isa = PBXFileReference; lastKnownFileType = sourcecode.swift; path = CounterAnimationLabel.swift; sourceTree = "<group>"; };
/* End PBXFileReference section */

/* Begin PBXFrameworksBuildPhase section */
		9CA84BA71FBBDB1C00A3BB98 /* Frameworks */ = {
			isa = PBXFrameworksBuildPhase;
			buildActionMask = 2147483647;
			files = (
			);
			runOnlyForDeploymentPostprocessing = 0;
		};
		9CA84BBB1FBBDB1C00A3BB98 /* Frameworks */ = {
			isa = PBXFrameworksBuildPhase;
			buildActionMask = 2147483647;
			files = (
			);
			runOnlyForDeploymentPostprocessing = 0;
		};
		9CA84BC61FBBDB1C00A3BB98 /* Frameworks */ = {
			isa = PBXFrameworksBuildPhase;
			buildActionMask = 2147483647;
			files = (
			);
			runOnlyForDeploymentPostprocessing = 0;
		};
/* End PBXFrameworksBuildPhase section */

/* Begin PBXGroup section */
		9CA84BA11FBBDB1C00A3BB98 = {
			isa = PBXGroup;
			children = (
				9CA84BAC1FBBDB1C00A3BB98 /* AnimationCounterSample */,
				9CA84BC11FBBDB1C00A3BB98 /* AnimationCounterSampleTests */,
				9CA84BCC1FBBDB1C00A3BB98 /* AnimationCounterSampleUITests */,
				9CA84BAB1FBBDB1C00A3BB98 /* Products */,
			);
			sourceTree = "<group>";
		};
		9CA84BAB1FBBDB1C00A3BB98 /* Products */ = {
			isa = PBXGroup;
			children = (
				9CA84BAA1FBBDB1C00A3BB98 /* AnimationCounterSample.app */,
				9CA84BBE1FBBDB1C00A3BB98 /* AnimationCounterSampleTests.xctest */,
				9CA84BC91FBBDB1C00A3BB98 /* AnimationCounterSampleUITests.xctest */,
			);
			name = Products;
			sourceTree = "<group>";
		};
		9CA84BAC1FBBDB1C00A3BB98 /* AnimationCounterSample */ = {
			isa = PBXGroup;
			children = (
				9CA84BAD1FBBDB1C00A3BB98 /* AppDelegate.swift */,
				9CA84BB41FBBDB1C00A3BB98 /* Assets.xcassets */,
				9CA84BDD1FBBDB4A00A3BB98 /* Classes */,
				9CA84BB91FBBDB1C00A3BB98 /* Info.plist */,
				9CA84BB61FBBDB1C00A3BB98 /* LaunchScreen.storyboard */,
				9CA84BB11FBBDB1C00A3BB98 /* Main.storyboard */,
				9CA84BDE1FBBF55000A3BB98 /* ViewController */,
			);
			path = AnimationCounterSample;
			sourceTree = "<group>";
		};
		9CA84BC11FBBDB1C00A3BB98 /* AnimationCounterSampleTests */ = {
			isa = PBXGroup;
			children = (
				9CA84BC21FBBDB1C00A3BB98 /* AnimationCounterSampleTests.swift */,
				9CA84BC41FBBDB1C00A3BB98 /* Info.plist */,
			);
			path = AnimationCounterSampleTests;
			sourceTree = "<group>";
		};
		9CA84BCC1FBBDB1C00A3BB98 /* AnimationCounterSampleUITests */ = {
			isa = PBXGroup;
			children = (
				9CA84BCD1FBBDB1C00A3BB98 /* AnimationCounterSampleUITests.swift */,
				9CA84BCF1FBBDB1C00A3BB98 /* Info.plist */,
			);
			path = AnimationCounterSampleUITests;
			sourceTree = "<group>";
		};
		9CA84BDD1FBBDB4A00A3BB98 /* Classes */ = {
			isa = PBXGroup;
			children = (
				9CA84BDB1FBBDB3400A3BB98 /* CounterAnimationLabel.swift */,
				9C7CF24D1FBC1768008D9920 /* ChangeAnimationTextLabel.swift */,
			);
			path = Classes;
			sourceTree = "<group>";
		};
		9CA84BDE1FBBF55000A3BB98 /* ViewController */ = {
			isa = PBXGroup;
			children = (
				9CA84BAF1FBBDB1C00A3BB98 /* ViewController.swift */,
			);
			path = ViewController;
			sourceTree = "<group>";
		};
/* End PBXGroup section */

/* Begin PBXNativeTarget section */
		9CA84BA91FBBDB1C00A3BB98 /* AnimationCounterSample */ = {
			isa = PBXNativeTarget;
			buildConfigurationList = 9CA84BD21FBBDB1C00A3BB98 /* Build configuration list for PBXNativeTarget "AnimationCounterSample" */;
			buildPhases = (
				9CA84BA61FBBDB1C00A3BB98 /* Sources */,
				9CA84BA71FBBDB1C00A3BB98 /* Frameworks */,
				9CA84BA81FBBDB1C00A3BB98 /* Resources */,
			);
			buildRules = (
			);
			dependencies = (
			);
			name = AnimationCounterSample;
			productName = AnimationCounterSample;
			productReference = 9CA84BAA1FBBDB1C00A3BB98 /* AnimationCounterSample.app */;
			productType = "com.apple.product-type.application";
		};
		9CA84BBD1FBBDB1C00A3BB98 /* AnimationCounterSampleTests */ = {
			isa = PBXNativeTarget;
			buildConfigurationList = 9CA84BD51FBBDB1C00A3BB98 /* Build configuration list for PBXNativeTarget "AnimationCounterSampleTests" */;
			buildPhases = (
				9CA84BBA1FBBDB1C00A3BB98 /* Sources */,
				9CA84BBB1FBBDB1C00A3BB98 /* Frameworks */,
				9CA84BBC1FBBDB1C00A3BB98 /* Resources */,
			);
			buildRules = (
			);
			dependencies = (
				9CA84BC01FBBDB1C00A3BB98 /* PBXTargetDependency */,
			);
			name = AnimationCounterSampleTests;
			productName = AnimationCounterSampleTests;
			productReference = 9CA84BBE1FBBDB1C00A3BB98 /* AnimationCounterSampleTests.xctest */;
			productType = "com.apple.product-type.bundle.unit-test";
		};
		9CA84BC81FBBDB1C00A3BB98 /* AnimationCounterSampleUITests */ = {
			isa = PBXNativeTarget;
			buildConfigurationList = 9CA84BD81FBBDB1C00A3BB98 /* Build configuration list for PBXNativeTarget "AnimationCounterSampleUITests" */;
			buildPhases = (
				9CA84BC51FBBDB1C00A3BB98 /* Sources */,
				9CA84BC61FBBDB1C00A3BB98 /* Frameworks */,
				9CA84BC71FBBDB1C00A3BB98 /* Resources */,
			);
			buildRules = (
			);
			dependencies = (
				9CA84BCB1FBBDB1C00A3BB98 /* PBXTargetDependency */,
			);
			name = AnimationCounterSampleUITests;
			productName = AnimationCounterSampleUITests;
			productReference = 9CA84BC91FBBDB1C00A3BB98 /* AnimationCounterSampleUITests.xctest */;
			productType = "com.apple.product-type.bundle.ui-testing";
		};
/* End PBXNativeTarget section */

/* Begin PBXProject section */
		9CA84BA21FBBDB1C00A3BB98 /* Project object */ = {
			isa = PBXProject;
			attributes = {
				LastSwiftUpdateCheck = 0910;
				LastUpgradeCheck = 0910;
				ORGANIZATIONNAME = "Fumiya Sakai";
				TargetAttributes = {
					9CA84BA91FBBDB1C00A3BB98 = {
						CreatedOnToolsVersion = 9.1;
						ProvisioningStyle = Automatic;
					};
					9CA84BBD1FBBDB1C00A3BB98 = {
						CreatedOnToolsVersion = 9.1;
						ProvisioningStyle = Automatic;
						TestTargetID = 9CA84BA91FBBDB1C00A3BB98;
					};
					9CA84BC81FBBDB1C00A3BB98 = {
						CreatedOnToolsVersion = 9.1;
						ProvisioningStyle = Automatic;
						TestTargetID = 9CA84BA91FBBDB1C00A3BB98;
					};
				};
			};
			buildConfigurationList = 9CA84BA51FBBDB1C00A3BB98 /* Build configuration list for PBXProject "AnimationCounterSample" */;
			compatibilityVersion = "Xcode 8.0";
			developmentRegion = en;
			hasScannedForEncodings = 0;
			knownRegions = (
				en,
				Base,
			);
			mainGroup = 9CA84BA11FBBDB1C00A3BB98;
			productRefGroup = 9CA84BAB1FBBDB1C00A3BB98 /* Products */;
			projectDirPath = "";
			projectRoot = "";
			targets = (
				9CA84BA91FBBDB1C00A3BB98 /* AnimationCounterSample */,
				9CA84BBD1FBBDB1C00A3BB98 /* AnimationCounterSampleTests */,
				9CA84BC81FBBDB1C00A3BB98 /* AnimationCounterSampleUITests */,
			);
		};
/* End PBXProject section */

/* Begin PBXResourcesBuildPhase section */
		9CA84BA81FBBDB1C00A3BB98 /* Resources */ = {
			isa = PBXResourcesBuildPhase;
			buildActionMask = 2147483647;
			files = (
				9CA84BB81FBBDB1C00A3BB98 /* LaunchScreen.storyboard in Resources */,
				9CA84BB51FBBDB1C00A3BB98 /* Assets.xcassets in Resources */,
				9CA84BB31FBBDB1C00A3BB98 /* Main.storyboard in Resources */,
			);
			runOnlyForDeploymentPostprocessing = 0;
		};
		9CA84BBC1FBBDB1C00A3BB98 /* Resources */ = {
			isa = PBXResourcesBuildPhase;
			buildActionMask = 2147483647;
			files = (
			);
			runOnlyForDeploymentPostprocessing = 0;
		};
		9CA84BC71FBBDB1C00A3BB98 /* Resources */ = {
			isa = PBXResourcesBuildPhase;
			buildActionMask = 2147483647;
			files = (
			);
			runOnlyForDeploymentPostprocessing = 0;
		};
/* End PBXResourcesBuildPhase section */

/* Begin PBXSourcesBuildPhase section */
		9CA84BA61FBBDB1C00A3BB98 /* Sources */ = {
			isa = PBXSourcesBuildPhase;
			buildActionMask = 2147483647;
			files = (
				9CA84BB01FBBDB1C00A3BB98 /* ViewController.swift in Sources */,
				9CA84BDC1FBBDB3400A3BB98 /* CounterAnimationLabel.swift in Sources */,
				9CA84BAE1FBBDB1C00A3BB98 /* AppDelegate.swift in Sources */,
				9C7CF24E1FBC1768008D9920 /* ChangeAnimationTextLabel.swift in Sources */,
			);
			runOnlyForDeploymentPostprocessing = 0;
		};
		9CA84BBA1FBBDB1C00A3BB98 /* Sources */ = {
			isa = PBXSourcesBuildPhase;
			buildActionMask = 2147483647;
			files = (
				9CA84BC31FBBDB1C00A3BB98 /* AnimationCounterSampleTests.swift in Sources */,
			);
			runOnlyForDeploymentPostprocessing = 0;
		};
		9CA84BC51FBBDB1C00A3BB98 /* Sources */ = {
			isa = PBXSourcesBuildPhase;
			buildActionMask = 2147483647;
			files = (
				9CA84BCE1FBBDB1C00A3BB98 /* AnimationCounterSampleUITests.swift in Sources */,
			);
			runOnlyForDeploymentPostprocessing = 0;
		};
/* End PBXSourcesBuildPhase section */

/* Begin PBXTargetDependency section */
		9CA84BC01FBBDB1C00A3BB98 /* PBXTargetDependency */ = {
			isa = PBXTargetDependency;
			target = 9CA84BA91FBBDB1C00A3BB98 /* AnimationCounterSample */;
			targetProxy = 9CA84BBF1FBBDB1C00A3BB98 /* PBXContainerItemProxy */;
		};
		9CA84BCB1FBBDB1C00A3BB98 /* PBXTargetDependency */ = {
			isa = PBXTargetDependency;
			target = 9CA84BA91FBBDB1C00A3BB98 /* AnimationCounterSample */;
			targetProxy = 9CA84BCA1FBBDB1C00A3BB98 /* PBXContainerItemProxy */;
		};
/* End PBXTargetDependency section */

/* Begin PBXVariantGroup section */
		9CA84BB11FBBDB1C00A3BB98 /* Main.storyboard */ = {
			isa = PBXVariantGroup;
			children = (
				9CA84BB21FBBDB1C00A3BB98 /* Base */,
			);
			name = Main.storyboard;
			sourceTree = "<group>";
		};
		9CA84BB61FBBDB1C00A3BB98 /* LaunchScreen.storyboard */ = {
			isa = PBXVariantGroup;
			children = (
				9CA84BB71FBBDB1C00A3BB98 /* Base */,
			);
			name = LaunchScreen.storyboard;
			sourceTree = "<group>";
		};
/* End PBXVariantGroup section */

/* Begin XCBuildConfiguration section */
		9CA84BD01FBBDB1C00A3BB98 /* Debug */ = {
			isa = XCBuildConfiguration;
			buildSettings = {
				ALWAYS_SEARCH_USER_PATHS = NO;
				CLANG_ANALYZER_NONNULL = YES;
				CLANG_ANALYZER_NUMBER_OBJECT_CONVERSION = YES_AGGRESSIVE;
				CLANG_CXX_LANGUAGE_STANDARD = "gnu++14";
				CLANG_CXX_LIBRARY = "libc++";
				CLANG_ENABLE_MODULES = YES;
				CLANG_ENABLE_OBJC_ARC = YES;
				CLANG_WARN_BLOCK_CAPTURE_AUTORELEASING = YES;
				CLANG_WARN_BOOL_CONVERSION = YES;
				CLANG_WARN_COMMA = YES;
				CLANG_WARN_CONSTANT_CONVERSION = YES;
				CLANG_WARN_DIRECT_OBJC_ISA_USAGE = YES_ERROR;
				CLANG_WARN_DOCUMENTATION_COMMENTS = YES;
				CLANG_WARN_EMPTY_BODY = YES;
				CLANG_WARN_ENUM_CONVERSION = YES;
				CLANG_WARN_INFINITE_RECURSION = YES;
				CLANG_WARN_INT_CONVERSION = YES;
				CLANG_WARN_NON_LITERAL_NULL_CONVERSION = YES;
				CLANG_WARN_OBJC_LITERAL_CONVERSION = YES;
				CLANG_WARN_OBJC_ROOT_CLASS = YES_ERROR;
				CLANG_WARN_RANGE_LOOP_ANALYSIS = YES;
				CLANG_WARN_STRICT_PROTOTYPES = YES;
				CLANG_WARN_SUSPICIOUS_MOVE = YES;
				CLANG_WARN_UNGUARDED_AVAILABILITY = YES_AGGRESSIVE;
				CLANG_WARN_UNREACHABLE_CODE = YES;
				CLANG_WARN__DUPLICATE_METHOD_MATCH = YES;
				CODE_SIGN_IDENTITY = "iPhone Developer";
				COPY_PHASE_STRIP = NO;
				DEBUG_INFORMATION_FORMAT = dwarf;
				ENABLE_STRICT_OBJC_MSGSEND = YES;
				ENABLE_TESTABILITY = YES;
				GCC_C_LANGUAGE_STANDARD = gnu11;
				GCC_DYNAMIC_NO_PIC = NO;
				GCC_NO_COMMON_BLOCKS = YES;
				GCC_OPTIMIZATION_LEVEL = 0;
				GCC_PREPROCESSOR_DEFINITIONS = (
					"DEBUG=1",
					"$(inherited)",
				);
				GCC_WARN_64_TO_32_BIT_CONVERSION = YES;
				GCC_WARN_ABOUT_RETURN_TYPE = YES_ERROR;
				GCC_WARN_UNDECLARED_SELECTOR = YES;
				GCC_WARN_UNINITIALIZED_AUTOS = YES_AGGRESSIVE;
				GCC_WARN_UNUSED_FUNCTION = YES;
				GCC_WARN_UNUSED_VARIABLE = YES;
				IPHONEOS_DEPLOYMENT_TARGET = 11.1;
				MTL_ENABLE_DEBUG_INFO = YES;
				ONLY_ACTIVE_ARCH = YES;
				SDKROOT = iphoneos;
				SWIFT_ACTIVE_COMPILATION_CONDITIONS = DEBUG;
				SWIFT_OPTIMIZATION_LEVEL = "-Onone";
			};
			name = Debug;
		};
		9CA84BD11FBBDB1C00A3BB98 /* Release */ = {
			isa = XCBuildConfiguration;
			buildSettings = {
				ALWAYS_SEARCH_USER_PATHS = NO;
				CLANG_ANALYZER_NONNULL = YES;
				CLANG_ANALYZER_NUMBER_OBJECT_CONVERSION = YES_AGGRESSIVE;
				CLANG_CXX_LANGUAGE_STANDARD = "gnu++14";
				CLANG_CXX_LIBRARY = "libc++";
				CLANG_ENABLE_MODULES = YES;
				CLANG_ENABLE_OBJC_ARC = YES;
				CLANG_WARN_BLOCK_CAPTURE_AUTORELEASING = YES;
				CLANG_WARN_BOOL_CONVERSION = YES;
				CLANG_WARN_COMMA = YES;
				CLANG_WARN_CONSTANT_CONVERSION = YES;
				CLANG_WARN_DIRECT_OBJC_ISA_USAGE = YES_ERROR;
				CLANG_WARN_DOCUMENTATION_COMMENTS = YES;
				CLANG_WARN_EMPTY_BODY = YES;
				CLANG_WARN_ENUM_CONVERSION = YES;
				CLANG_WARN_INFINITE_RECURSION = YES;
				CLANG_WARN_INT_CONVERSION = YES;
				CLANG_WARN_NON_LITERAL_NULL_CONVERSION = YES;
				CLANG_WARN_OBJC_LITERAL_CONVERSION = YES;
				CLANG_WARN_OBJC_ROOT_CLASS = YES_ERROR;
				CLANG_WARN_RANGE_LOOP_ANALYSIS = YES;
				CLANG_WARN_STRICT_PROTOTYPES = YES;
				CLANG_WARN_SUSPICIOUS_MOVE = YES;
				CLANG_WARN_UNGUARDED_AVAILABILITY = YES_AGGRESSIVE;
				CLANG_WARN_UNREACHABLE_CODE = YES;
				CLANG_WARN__DUPLICATE_METHOD_MATCH = YES;
				CODE_SIGN_IDENTITY = "iPhone Developer";
				COPY_PHASE_STRIP = NO;
				DEBUG_INFORMATION_FORMAT = "dwarf-with-dsym";
				ENABLE_NS_ASSERTIONS = NO;
				ENABLE_STRICT_OBJC_MSGSEND = YES;
				GCC_C_LANGUAGE_STANDARD = gnu11;
				GCC_NO_COMMON_BLOCKS = YES;
				GCC_WARN_64_TO_32_BIT_CONVERSION = YES;
				GCC_WARN_ABOUT_RETURN_TYPE = YES_ERROR;
				GCC_WARN_UNDECLARED_SELECTOR = YES;
				GCC_WARN_UNINITIALIZED_AUTOS = YES_AGGRESSIVE;
				GCC_WARN_UNUSED_FUNCTION = YES;
				GCC_WARN_UNUSED_VARIABLE = YES;
				IPHONEOS_DEPLOYMENT_TARGET = 11.1;
				MTL_ENABLE_DEBUG_INFO = NO;
				SDKROOT = iphoneos;
				SWIFT_OPTIMIZATION_LEVEL = "-Owholemodule";
				VALIDATE_PRODUCT = YES;
			};
			name = Release;
		};
		9CA84BD31FBBDB1C00A3BB98 /* Debug */ = {
			isa = XCBuildConfiguration;
			buildSettings = {
				ASSETCATALOG_COMPILER_APPICON_NAME = AppIcon;
				CODE_SIGN_STYLE = Automatic;
				DEVELOPMENT_TEAM = 54XRQA79XV;
				INFOPLIST_FILE = AnimationCounterSample/Info.plist;
				LD_RUNPATH_SEARCH_PATHS = "$(inherited) @executable_path/Frameworks";
				PRODUCT_BUNDLE_IDENTIFIER = jp.co.eversense.AnimationCounterSample;
				PRODUCT_NAME = "$(TARGET_NAME)";
				SWIFT_VERSION = 4.0;
				TARGETED_DEVICE_FAMILY = "1,2";
			};
			name = Debug;
		};
		9CA84BD41FBBDB1C00A3BB98 /* Release */ = {
			isa = XCBuildConfiguration;
			buildSettings = {
				ASSETCATALOG_COMPILER_APPICON_NAME = AppIcon;
				CODE_SIGN_STYLE = Automatic;
				DEVELOPMENT_TEAM = 54XRQA79XV;
				INFOPLIST_FILE = AnimationCounterSample/Info.plist;
				LD_RUNPATH_SEARCH_PATHS = "$(inherited) @executable_path/Frameworks";
				PRODUCT_BUNDLE_IDENTIFIER = jp.co.eversense.AnimationCounterSample;
				PRODUCT_NAME = "$(TARGET_NAME)";
				SWIFT_VERSION = 4.0;
				TARGETED_DEVICE_FAMILY = "1,2";
			};
			name = Release;
		};
		9CA84BD61FBBDB1C00A3BB98 /* Debug */ = {
			isa = XCBuildConfiguration;
			buildSettings = {
				ALWAYS_EMBED_SWIFT_STANDARD_LIBRARIES = YES;
				BUNDLE_LOADER = "$(TEST_HOST)";
				CODE_SIGN_STYLE = Automatic;
				DEVELOPMENT_TEAM = 54XRQA79XV;
				INFOPLIST_FILE = AnimationCounterSampleTests/Info.plist;
				LD_RUNPATH_SEARCH_PATHS = "$(inherited) @executable_path/Frameworks @loader_path/Frameworks";
				PRODUCT_BUNDLE_IDENTIFIER = jp.co.eversense.AnimationCounterSampleTests;
				PRODUCT_NAME = "$(TARGET_NAME)";
				SWIFT_VERSION = 4.0;
				TARGETED_DEVICE_FAMILY = "1,2";
				TEST_HOST = "$(BUILT_PRODUCTS_DIR)/AnimationCounterSample.app/AnimationCounterSample";
			};
			name = Debug;
		};
		9CA84BD71FBBDB1C00A3BB98 /* Release */ = {
			isa = XCBuildConfiguration;
			buildSettings = {
				ALWAYS_EMBED_SWIFT_STANDARD_LIBRARIES = YES;
				BUNDLE_LOADER = "$(TEST_HOST)";
				CODE_SIGN_STYLE = Automatic;
				DEVELOPMENT_TEAM = 54XRQA79XV;
				INFOPLIST_FILE = AnimationCounterSampleTests/Info.plist;
				LD_RUNPATH_SEARCH_PATHS = "$(inherited) @executable_path/Frameworks @loader_path/Frameworks";
				PRODUCT_BUNDLE_IDENTIFIER = jp.co.eversense.AnimationCounterSampleTests;
				PRODUCT_NAME = "$(TARGET_NAME)";
				SWIFT_VERSION = 4.0;
				TARGETED_DEVICE_FAMILY = "1,2";
				TEST_HOST = "$(BUILT_PRODUCTS_DIR)/AnimationCounterSample.app/AnimationCounterSample";
			};
			name = Release;
		};
		9CA84BD91FBBDB1C00A3BB98 /* Debug */ = {
			isa = XCBuildConfiguration;
			buildSettings = {
				ALWAYS_EMBED_SWIFT_STANDARD_LIBRARIES = YES;
				CODE_SIGN_STYLE = Automatic;
				DEVELOPMENT_TEAM = 54XRQA79XV;
				INFOPLIST_FILE = AnimationCounterSampleUITests/Info.plist;
				LD_RUNPATH_SEARCH_PATHS = "$(inherited) @executable_path/Frameworks @loader_path/Frameworks";
				PRODUCT_BUNDLE_IDENTIFIER = jp.co.eversense.AnimationCounterSampleUITests;
				PRODUCT_NAME = "$(TARGET_NAME)";
				SWIFT_VERSION = 4.0;
				TARGETED_DEVICE_FAMILY = "1,2";
				TEST_TARGET_NAME = AnimationCounterSample;
			};
			name = Debug;
		};
		9CA84BDA1FBBDB1C00A3BB98 /* Release */ = {
			isa = XCBuildConfiguration;
			buildSettings = {
				ALWAYS_EMBED_SWIFT_STANDARD_LIBRARIES = YES;
				CODE_SIGN_STYLE = Automatic;
				DEVELOPMENT_TEAM = 54XRQA79XV;
				INFOPLIST_FILE = AnimationCounterSampleUITests/Info.plist;
				LD_RUNPATH_SEARCH_PATHS = "$(inherited) @executable_path/Frameworks @loader_path/Frameworks";
				PRODUCT_BUNDLE_IDENTIFIER = jp.co.eversense.AnimationCounterSampleUITests;
				PRODUCT_NAME = "$(TARGET_NAME)";
				SWIFT_VERSION = 4.0;
				TARGETED_DEVICE_FAMILY = "1,2";
				TEST_TARGET_NAME = AnimationCounterSample;
			};
			name = Release;
		};
/* End XCBuildConfiguration section */

/* Begin XCConfigurationList section */
		9CA84BA51FBBDB1C00A3BB98 /* Build configuration list for PBXProject "AnimationCounterSample" */ = {
			isa = XCConfigurationList;
			buildConfigurations = (
				9CA84BD01FBBDB1C00A3BB98 /* Debug */,
				9CA84BD11FBBDB1C00A3BB98 /* Release */,
			);
			defaultConfigurationIsVisible = 0;
			defaultConfigurationName = Release;
		};
		9CA84BD21FBBDB1C00A3BB98 /* Build configuration list for PBXNativeTarget "AnimationCounterSample" */ = {
			isa = XCConfigurationList;
			buildConfigurations = (
				9CA84BD31FBBDB1C00A3BB98 /* Debug */,
				9CA84BD41FBBDB1C00A3BB98 /* Release */,
			);
			defaultConfigurationIsVisible = 0;
			defaultConfigurationName = Release;
		};
		9CA84BD51FBBDB1C00A3BB98 /* Build configuration list for PBXNativeTarget "AnimationCounterSampleTests" */ = {
			isa = XCConfigurationList;
			buildConfigurations = (
				9CA84BD61FBBDB1C00A3BB98 /* Debug */,
				9CA84BD71FBBDB1C00A3BB98 /* Release */,
			);
			defaultConfigurationIsVisible = 0;
			defaultConfigurationName = Release;
		};
		9CA84BD81FBBDB1C00A3BB98 /* Build configuration list for PBXNativeTarget "AnimationCounterSampleUITests" */ = {
			isa = XCConfigurationList;
			buildConfigurations = (
				9CA84BD91FBBDB1C00A3BB98 /* Debug */,
				9CA84BDA1FBBDB1C00A3BB98 /* Release */,
			);
			defaultConfigurationIsVisible = 0;
			defaultConfigurationName = Release;
		};
/* End XCConfigurationList section */
	};
	rootObject = 9CA84BA21FBBDB1C00A3BB98 /* Project object */;
}
